
Microsoft Visual Studio Solution File, Format Version 12.00
# Visual Studio Version 17
VisualStudioVersion = 17.4.33213.308
MinimumVisualStudioVersion = 10.0.40219.1
Project("{FAE04EC0-301F-11D3-BF4B-00C04F79EFBC}") = "BlogV1", "BlogV1.csproj", "{02F096C2-D963-49A7-95BC-AD9951273750}"
EndProject
Global
	GlobalSection(SolutionConfigurationPlatforms) = preSolution
		Debug|Any CPU = Debug|Any CPU
		Release|Any CPU = Release|Any CPU
	EndGlobalSection
	GlobalSection(ProjectConfigurationPlatforms) = postSolution
		{02F096C2-D963-49A7-95BC-AD9951273750}.Debug|Any CPU.ActiveCfg = Debug|Any CPU
		{02F096C2-D963-49A7-95BC-AD9951273750}.Debug|Any CPU.Build.0 = Debug|Any CPU
		{02F096C2-D963-49A7-95BC-AD9951273750}.Release|Any CPU.ActiveCfg = Release|Any CPU
		{02F096C2-D963-49A7-95BC-AD9951273750}.Release|Any CPU.Build.0 = Release|Any CPU
	EndGlobalSection
	GlobalSection(SolutionProperties) = preSolution
		HideSolutionNode = FALSE
	EndGlobalSection
	GlobalSection(ExtensibilityGlobals) = postSolution
		SolutionGuid = {B34CBF20-0DD8-4778-B27E-095A6A2D9CF3}
	EndGlobalSection
EndGlobal
